// !$*UTF8*$!
{
	archiveVersion = 1;
	classes = {
	};
	objectVersion = 46;
	objects = {

/* Begin PBXBuildFile section */
		A42D589919E42CEF00C33815 /* AppDelegate.swift in Sources */ = {isa = PBXBuildFile; fileRef = A42D589819E42CEF00C33815 /* AppDelegate.swift */; };
		A42D589B19E42CEF00C33815 /* ViewController.swift in Sources */ = {isa = PBXBuildFile; fileRef = A42D589A19E42CEF00C33815 /* ViewController.swift */; };
		A42D589E19E42CEF00C33815 /* Main.storyboard in Resources */ = {isa = PBXBuildFile; fileRef = A42D589C19E42CEF00C33815 /* Main.storyboard */; };
		A42D58A019E42CEF00C33815 /* Images.xcassets in Resources */ = {isa = PBXBuildFile; fileRef = A42D589F19E42CEF00C33815 /* Images.xcassets */; };
		A42D58A319E42CEF00C33815 /* LaunchScreen.xib in Resources */ = {isa = PBXBuildFile; fileRef = A42D58A119E42CEF00C33815 /* LaunchScreen.xib */; };
		A42D58AF19E42CEF00C33815 /* RobiListTests.swift in Sources */ = {isa = PBXBuildFile; fileRef = A42D58AE19E42CEF00C33815 /* RobiListTests.swift */; };
/* End PBXBuildFile section */

/* Begin PBXContainerItemProxy section */
		A42D58A919E42CEF00C33815 /* PBXContainerItemProxy */ = {
			isa = PBXContainerItemProxy;
			containerPortal = A42D588B19E42CEF00C33815 /* Project object */;
			proxyType = 1;
			remoteGlobalIDString = A42D589219E42CEF00C33815;
			remoteInfo = RobiList;
		};
/* End PBXContainerItemProxy section */

/* Begin PBXFileReference section */
		A42D589319E42CEF00C33815 /* RobiList.app */ = {isa = PBXFileReference; explicitFileType = wrapper.application; includeInIndex = 0; path = RobiList.app; sourceTree = BUILT_PRODUCTS_DIR; };
		A42D589719E42CEF00C33815 /* Info.plist */ = {isa = PBXFileReference; lastKnownFileType = text.plist.xml; path = Info.plist; sourceTree = "<group>"; };
		A42D589819E42CEF00C33815 /* AppDelegate.swift */ = {isa = PBXFileReference; lastKnownFileType = sourcecode.swift; path = AppDelegate.swift; sourceTree = "<group>"; };
		A42D589A19E42CEF00C33815 /* ViewController.swift */ = {isa = PBXFileReference; lastKnownFileType = sourcecode.swift; path = ViewController.swift; sourceTree = "<group>"; };
		A42D589D19E42CEF00C33815 /* Base */ = {isa = PBXFileReference; lastKnownFileType = file.storyboard; name = Base; path = Base.lproj/Main.storyboard; sourceTree = "<group>"; };
		A42D589F19E42CEF00C33815 /* Images.xcassets */ = {isa = PBXFileReference; lastKnownFileType = folder.assetcatalog; path = Images.xcassets; sourceTree = "<group>"; };
		A42D58A219E42CEF00C33815 /* Base */ = {isa = PBXFileReference; lastKnownFileType = file.xib; name = Base; path = Base.lproj/LaunchScreen.xib; sourceTree = "<group>"; };
		A42D58A819E42CEF00C33815 /* RobiListTests.xctest */ = {isa = PBXFileReference; explicitFileType = wrapper.cfbundle; includeInIndex = 0; path = RobiListTests.xctest; sourceTree = BUILT_PRODUCTS_DIR; };
		A42D58AD19E42CEF00C33815 /* Info.plist */ = {isa = PBXFileReference; lastKnownFileType = text.plist.xml; path = Info.plist; sourceTree = "<group>"; };
		A42D58AE19E42CEF00C33815 /* RobiListTests.swift */ = {isa = PBXFileReference; lastKnownFileType = sourcecode.swift; path = RobiListTests.swift; sourceTree = "<group>"; };
/* End PBXFileReference section */

/* Begin PBXFrameworksBuildPhase section */
		A42D589019E42CEF00C33815 /* Frameworks */ = {
			isa = PBXFrameworksBuildPhase;
			buildActionMask = 2147483647;
			files = (
			);
			runOnlyForDeploymentPostprocessing = 0;
		};
		A42D58A519E42CEF00C33815 /* Frameworks */ = {
			isa = PBXFrameworksBuildPhase;
			buildActionMask = 2147483647;
			files = (
			);
			runOnlyForDeploymentPostprocessing = 0;
		};
/* End PBXFrameworksBuildPhase section */

/* Begin PBXGroup section */
		A42D588A19E42CEF00C33815 = {
			isa = PBXGroup;
			children = (
				A42D589519E42CEF00C33815 /* RobiList */,
				A42D58AB19E42CEF00C33815 /* RobiListTests */,
				A42D589419E42CEF00C33815 /* Products */,
			);
			sourceTree = "<group>";
		};
		A42D589419E42CEF00C33815 /* Products */ = {
			isa = PBXGroup;
			children = (
				A42D589319E42CEF00C33815 /* RobiList.app */,
				A42D58A819E42CEF00C33815 /* RobiListTests.xctest */,
			);
			name = Products;
			sourceTree = "<group>";
		};
		A42D589519E42CEF00C33815 /* RobiList */ = {
			isa = PBXGroup;
			children = (
				A42D589819E42CEF00C33815 /* AppDelegate.swift */,
				A42D589A19E42CEF00C33815 /* ViewController.swift */,
				A42D589C19E42CEF00C33815 /* Main.storyboard */,
				A42D589F19E42CEF00C33815 /* Images.xcassets */,
				A42D58A119E42CEF00C33815 /* LaunchScreen.xib */,
				A42D589619E42CEF00C33815 /* Supporting Files */,
			);
			path = RobiList;
			sourceTree = "<group>";
		};
		A42D589619E42CEF00C33815 /* Supporting Files */ = {
			isa = PBXGroup;
			children = (
				A42D589719E42CEF00C33815 /* Info.plist */,
			);
			name = "Supporting Files";
			sourceTree = "<group>";
		};
		A42D58AB19E42CEF00C33815 /* RobiListTests */ = {
			isa = PBXGroup;
			children = (
				A42D58AE19E42CEF00C33815 /* RobiListTests.swift */,
				A42D58AC19E42CEF00C33815 /* Supporting Files */,
			);
			path = RobiListTests;
			sourceTree = "<group>";
		};
		A42D58AC19E42CEF00C33815 /* Supporting Files */ = {
			isa = PBXGroup;
			children = (
				A42D58AD19E42CEF00C33815 /* Info.plist */,
			);
			name = "Supporting Files";
			sourceTree = "<group>";
		};
/* End PBXGroup section */

/* Begin PBXNativeTarget section */
		A42D589219E42CEF00C33815 /* RobiList */ = {
			isa = PBXNativeTarget;
			buildConfigurationList = A42D58B219E42CEF00C33815 /* Build configuration list for PBXNativeTarget "RobiList" */;
			buildPhases = (
				A42D588F19E42CEF00C33815 /* Sources */,
				A42D589019E42CEF00C33815 /* Frameworks */,
				A42D589119E42CEF00C33815 /* Resources */,
			);
			buildRules = (
			);
			dependencies = (
			);
			name = RobiList;
			productName = RobiList;
			productReference = A42D589319E42CEF00C33815 /* RobiList.app */;
			productType = "com.apple.product-type.application";
		};
		A42D58A719E42CEF00C33815 /* RobiListTests */ = {
			isa = PBXNativeTarget;
			buildConfigurationList = A42D58B519E42CEF00C33815 /* Build configuration list for PBXNativeTarget "RobiListTests" */;
			buildPhases = (
				A42D58A419E42CEF00C33815 /* Sources */,
				A42D58A519E42CEF00C33815 /* Frameworks */,
				A42D58A619E42CEF00C33815 /* Resources */,
			);
			buildRules = (
			);
			dependencies = (
				A42D58AA19E42CEF00C33815 /* PBXTargetDependency */,
			);
			name = RobiListTests;
			productName = RobiListTests;
			productReference = A42D58A819E42CEF00C33815 /* RobiListTests.xctest */;
			productType = "com.apple.product-type.bundle.unit-test";
		};
/* End PBXNativeTarget section */

/* Begin PBXProject section */
		A42D588B19E42CEF00C33815 /* Project object */ = {
			isa = PBXProject;
			attributes = {
				LastUpgradeCheck = 0600;
				ORGANIZATIONNAME = "Robert Younan";
				TargetAttributes = {
					A42D589219E42CEF00C33815 = {
						CreatedOnToolsVersion = 6.0.1;
					};
					A42D58A719E42CEF00C33815 = {
						CreatedOnToolsVersion = 6.0.1;
						TestTargetID = A42D589219E42CEF00C33815;
					};
				};
			};
			buildConfigurationList = A42D588E19E42CEF00C33815 /* Build configuration list for PBXProject "RobiList" */;
			compatibilityVersion = "Xcode 3.2";
			developmentRegion = English;
			hasScannedForEncodings = 0;
			knownRegions = (
				en,
				Base,
			);
			mainGroup = A42D588A19E42CEF00C33815;
			productRefGroup = A42D589419E42CEF00C33815 /* Products */;
			projectDirPath = "";
			projectRoot = "";
			targets = (
				A42D589219E42CEF00C33815 /* RobiList */,
				A42D58A719E42CEF00C33815 /* RobiListTests */,
			);
		};
/* End PBXProject section */

/* Begin PBXResourcesBuildPhase section */
		A42D589119E42CEF00C33815 /* Resources */ = {
			isa = PBXResourcesBuildPhase;
			buildActionMask = 2147483647;
			files = (
				A42D589E19E42CEF00C33815 /* Main.storyboard in Resources */,
				A42D58A319E42CEF00C33815 /* LaunchScreen.xib in Resources */,
				A42D58A019E42CEF00C33815 /* Images.xcassets in Resources */,
			);
			runOnlyForDeploymentPostprocessing = 0;
		};
		A42D58A619E42CEF00C33815 /* Resources */ = {
			isa = PBXResourcesBuildPhase;
			buildActionMask = 2147483647;
			files = (
			);
			runOnlyForDeploymentPostprocessing = 0;
		};
/* End PBXResourcesBuildPhase section */

/* Begin PBXSourcesBuildPhase section */
		A42D588F19E42CEF00C33815 /* Sources */ = {
			isa = PBXSourcesBuildPhase;
			buildActionMask = 2147483647;
			files = (
				A42D589B19E42CEF00C33815 /* ViewController.swift in Sources */,
				A42D589919E42CEF00C33815 /* AppDelegate.swift in Sources */,
			);
			runOnlyForDeploymentPostprocessing = 0;
		};
		A42D58A419E42CEF00C33815 /* Sources */ = {
			isa = PBXSourcesBuildPhase;
			buildActionMask = 2147483647;
			files = (
				A42D58AF19E42CEF00C33815 /* RobiListTests.swift in Sources */,
			);
			runOnlyForDeploymentPostprocessing = 0;
		};
/* End PBXSourcesBuildPhase section */

/* Begin PBXTargetDependency section */
		A42D58AA19E42CEF00C33815 /* PBXTargetDependency */ = {
			isa = PBXTargetDependency;
			target = A42D589219E42CEF00C33815 /* RobiList */;
			targetProxy = A42D58A919E42CEF00C33815 /* PBXContainerItemProxy */;
		};
/* End PBXTargetDependency section */

/* Begin PBXVariantGroup section */
		A42D589C19E42CEF00C33815 /* Main.storyboard */ = {
			isa = PBXVariantGroup;
			children = (
				A42D589D19E42CEF00C33815 /* Base */,
			);
			name = Main.storyboard;
			sourceTree = "<group>";
		};
		A42D58A119E42CEF00C33815 /* LaunchScreen.xib */ = {
			isa = PBXVariantGroup;
			children = (
				A42D58A219E42CEF00C33815 /* Base */,
			);
			name = LaunchScreen.xib;
			sourceTree = "<group>";
		};
/* End PBXVariantGroup section */

/* Begin XCBuildConfiguration section */
		A42D58B019E42CEF00C33815 /* Debug */ = {
			isa = XCBuildConfiguration;
			buildSettings = {
				ALWAYS_SEARCH_USER_PATHS = NO;
				CLANG_CXX_LANGUAGE_STANDARD = "gnu++0x";
				CLANG_CXX_LIBRARY = "libc++";
				CLANG_ENABLE_MODULES = YES;
				CLANG_ENABLE_OBJC_ARC = YES;
				CLANG_WARN_BOOL_CONVERSION = YES;
				CLANG_WARN_CONSTANT_CONVERSION = YES;
				CLANG_WARN_DIRECT_OBJC_ISA_USAGE = YES_ERROR;
				CLANG_WARN_EMPTY_BODY = YES;
				CLANG_WARN_ENUM_CONVERSION = YES;
				CLANG_WARN_INT_CONVERSION = YES;
				CLANG_WARN_OBJC_ROOT_CLASS = YES_ERROR;
				CLANG_WARN_UNREACHABLE_CODE = YES;
				CLANG_WARN__DUPLICATE_METHOD_MATCH = YES;
				"CODE_SIGN_IDENTITY[sdk=iphoneos*]" = "iPhone Developer";
				COPY_PHASE_STRIP = NO;
				ENABLE_STRICT_OBJC_MSGSEND = YES;
				GCC_C_LANGUAGE_STANDARD = gnu99;
				GCC_DYNAMIC_NO_PIC = NO;
				GCC_OPTIMIZATION_LEVEL = 0;
				GCC_PREPROCESSOR_DEFINITIONS = (
					"DEBUG=1",
					"$(inherited)",
				);
				GCC_SYMBOLS_PRIVATE_EXTERN = NO;
				GCC_WARN_64_TO_32_BIT_CONVERSION = YES;
				GCC_WARN_ABOUT_RETURN_TYPE = YES_ERROR;
				GCC_WARN_UNDECLARED_SELECTOR = YES;
				GCC_WARN_UNINITIALIZED_AUTOS = YES_AGGRESSIVE;
				GCC_WARN_UNUSED_FUNCTION = YES;
				GCC_WARN_UNUSED_VARIABLE = YES;
				IPHONEOS_DEPLOYMENT_TARGET = 8.0;
				MTL_ENABLE_DEBUG_INFO = YES;
				ONLY_ACTIVE_ARCH = YES;
				SDKROOT = iphoneos;
				SWIFT_OPTIMIZATION_LEVEL = "-Onone";
			};
			name = Debug;
		};
		A42D58B119E42CEF00C33815 /* Release */ = {
			isa = XCBuildConfiguration;
			buildSettings = {
				ALWAYS_SEARCH_USER_PATHS = NO;
				CLANG_CXX_LANGUAGE_STANDARD = "gnu++0x";
				CLANG_CXX_LIBRARY = "libc++";
				CLANG_ENABLE_MODULES = YES;
				CLANG_ENABLE_OBJC_ARC = YES;
				CLANG_WARN_BOOL_CONVERSION = YES;
				CLANG_WARN_CONSTANT_CONVERSION = YES;
				CLANG_WARN_DIRECT_OBJC_ISA_USAGE = YES_ERROR;
				CLANG_WARN_EMPTY_BODY = YES;
				CLANG_WARN_ENUM_CONVERSION = YES;
				CLANG_WARN_INT_CONVERSION = YES;
				CLANG_WARN_OBJC_ROOT_CLASS = YES_ERROR;
				CLANG_WARN_UNREACHABLE_CODE = YES;
				CLANG_WARN__DUPLICATE_METHOD_MATCH = YES;
				"CODE_SIGN_IDENTITY[sdk=iphoneos*]" = "iPhone Developer";
				COPY_PHASE_STRIP = YES;
				ENABLE_NS_ASSERTIONS = NO;
				ENABLE_STRICT_OBJC_MSGSEND = YES;
				GCC_C_LANGUAGE_STANDARD = gnu99;
				GCC_WARN_64_TO_32_BIT_CONVERSION = YES;
				GCC_WARN_ABOUT_RETURN_TYPE = YES_ERROR;
				GCC_WARN_UNDECLARED_SELECTOR = YES;
				GCC_WARN_UNINITIALIZED_AUTOS = YES_AGGRESSIVE;
				GCC_WARN_UNUSED_FUNCTION = YES;
				GCC_WARN_UNUSED_VARIABLE = YES;
				IPHONEOS_DEPLOYMENT_TARGET = 8.0;
				MTL_ENABLE_DEBUG_INFO = NO;
				SDKROOT = iphoneos;
				VALIDATE_PRODUCT = YES;
			};
			name = Release;
		};
		A42D58B319E42CEF00C33815 /* Debug */ = {
			isa = XCBuildConfiguration;
			buildSettings = {
				ASSETCATALOG_COMPILER_APPICON_NAME = AppIcon;
				INFOPLIST_FILE = RobiList/Info.plist;
				LD_RUNPATH_SEARCH_PATHS = "$(inherited) @executable_path/Frameworks";
				PRODUCT_NAME = "$(TARGET_NAME)";
			};
			name = Debug;
		};
		A42D58B419E42CEF00C33815 /* Release */ = {
			isa = XCBuildConfiguration;
			buildSettings = {
				ASSETCATALOG_COMPILER_APPICON_NAME = AppIcon;
				INFOPLIST_FILE = RobiList/Info.plist;
				LD_RUNPATH_SEARCH_PATHS = "$(inherited) @executable_path/Frameworks";
				PRODUCT_NAME = "$(TARGET_NAME)";
			};
			name = Release;
		};
		A42D58B619E42CEF00C33815 /* Debug */ = {
			isa = XCBuildConfiguration;
			buildSettings = {
				BUNDLE_LOADER = "$(TEST_HOST)";
				FRAMEWORK_SEARCH_PATHS = (
					"$(SDKROOT)/Developer/Library/Frameworks",
					"$(inherited)",
				);
				GCC_PREPROCESSOR_DEFINITIONS = (
					"DEBUG=1",
					"$(inherited)",
				);
				INFOPLIST_FILE = RobiListTests/Info.plist;
				LD_RUNPATH_SEARCH_PATHS = "$(inherited) @executable_path/Frameworks @loader_path/Frameworks";
				PRODUCT_NAME = "$(TARGET_NAME)";
				TEST_HOST = "$(BUILT_PRODUCTS_DIR)/RobiList.app/RobiList";
			};
			name = Debug;
		};
		A42D58B719E42CEF00C33815 /* Release */ = {
			isa = XCBuildConfiguration;
			buildSettings = {
				BUNDLE_LOADER = "$(TEST_HOST)";
				FRAMEWORK_SEARCH_PATHS = (
					"$(SDKROOT)/Developer/Library/Frameworks",
					"$(inherited)",
				);
				INFOPLIST_FILE = RobiListTests/Info.plist;
				LD_RUNPATH_SEARCH_PATHS = "$(inherited) @executable_path/Frameworks @loader_path/Frameworks";
				PRODUCT_NAME = "$(TARGET_NAME)";
				TEST_HOST = "$(BUILT_PRODUCTS_DIR)/RobiList.app/RobiList";
			};
			name = Release;
		};
/* End XCBuildConfiguration section */

/* Begin XCConfigurationList section */
		A42D588E19E42CEF00C33815 /* Build configuration list for PBXProject "RobiList" */ = {
			isa = XCConfigurationList;
			buildConfigurations = (
				A42D58B019E42CEF00C33815 /* Debug */,
				A42D58B119E42CEF00C33815 /* Release */,
			);
			defaultConfigurationIsVisible = 0;
			defaultConfigurationName = Release;
		};
		A42D58B219E42CEF00C33815 /* Build configuration list for PBXNativeTarget "RobiList" */ = {
			isa = XCConfigurationList;
			buildConfigurations = (
				A42D58B319E42CEF00C33815 /* Debug */,
				A42D58B419E42CEF00C33815 /* Release */,
			);
			defaultConfigurationIsVisible = 0;
		};
		A42D58B519E42CEF00C33815 /* Build configuration list for PBXNativeTarget "RobiListTests" */ = {
			isa = XCConfigurationList;
			buildConfigurations = (
				A42D58B619E42CEF00C33815 /* Debug */,
				A42D58B719E42CEF00C33815 /* Release */,
			);
			defaultConfigurationIsVisible = 0;
		};
/* End XCConfigurationList section */
	};
	rootObject = A42D588B19E42CEF00C33815 /* Project object */;
}
